// !$*UTF8*$!
{
	archiveVersion = 1;
	classes = {
	};
	objectVersion = 56;
	objects = {

/* Begin PBXBuildFile section */
		A3EF113429CF3D6500494ACB /* AppDelegate.swift in Sources */ = {isa = PBXBuildFile; fileRef = A3EF113329CF3D6500494ACB /* AppDelegate.swift */; };
		A3EF113629CF3D6500494ACB /* SceneDelegate.swift in Sources */ = {isa = PBXBuildFile; fileRef = A3EF113529CF3D6500494ACB /* SceneDelegate.swift */; };
		A3EF113829CF3D6500494ACB /* MainViewController.swift in Sources */ = {isa = PBXBuildFile; fileRef = A3EF113729CF3D6500494ACB /* MainViewController.swift */; };
		A3EF113E29CF3D6500494ACB /* UIKit_Extension.xcdatamodeld in Sources */ = {isa = PBXBuildFile; fileRef = A3EF113C29CF3D6500494ACB /* UIKit_Extension.xcdatamodeld */; };
		A3EF114029CF3D6700494ACB /* Assets.xcassets in Resources */ = {isa = PBXBuildFile; fileRef = A3EF113F29CF3D6700494ACB /* Assets.xcassets */; };
		A3EF114329CF3D6700494ACB /* LaunchScreen.storyboard in Resources */ = {isa = PBXBuildFile; fileRef = A3EF114129CF3D6700494ACB /* LaunchScreen.storyboard */; };
		A3EF114E29CF3D6700494ACB /* UIKit_ExtensionTests.swift in Sources */ = {isa = PBXBuildFile; fileRef = A3EF114D29CF3D6700494ACB /* UIKit_ExtensionTests.swift */; };
		A3EF115829CF3D6700494ACB /* UIKit_ExtensionUITests.swift in Sources */ = {isa = PBXBuildFile; fileRef = A3EF115729CF3D6700494ACB /* UIKit_ExtensionUITests.swift */; };
		A3EF115A29CF3D6700494ACB /* UIKit_ExtensionUITestsLaunchTests.swift in Sources */ = {isa = PBXBuildFile; fileRef = A3EF115929CF3D6700494ACB /* UIKit_ExtensionUITestsLaunchTests.swift */; };
		A3EF117029CF88FA00494ACB /* SwiftUIJo.docc in Sources */ = {isa = PBXBuildFile; fileRef = A3EF116F29CF88FA00494ACB /* SwiftUIJo.docc */; };
		A3EF117629CF88FA00494ACB /* SwiftUIJo.framework in Frameworks */ = {isa = PBXBuildFile; fileRef = A3EF116C29CF88F900494ACB /* SwiftUIJo.framework */; };
		A3EF117D29CF88FA00494ACB /* SwiftUIJoTests.swift in Sources */ = {isa = PBXBuildFile; fileRef = A3EF117C29CF88FA00494ACB /* SwiftUIJoTests.swift */; };
		A3EF117E29CF88FA00494ACB /* SwiftUIJo.h in Headers */ = {isa = PBXBuildFile; fileRef = A3EF116E29CF88F900494ACB /* SwiftUIJo.h */; settings = {ATTRIBUTES = (Public, ); }; };
		A3EF118129CF88FA00494ACB /* SwiftUIJo.framework in Frameworks */ = {isa = PBXBuildFile; fileRef = A3EF116C29CF88F900494ACB /* SwiftUIJo.framework */; };
		A3EF118229CF88FA00494ACB /* SwiftUIJo.framework in Embed Frameworks */ = {isa = PBXBuildFile; fileRef = A3EF116C29CF88F900494ACB /* SwiftUIJo.framework */; settings = {ATTRIBUTES = (CodeSignOnCopy, RemoveHeadersOnCopy, ); }; };
		A3EF118C29CFAB2E00494ACB /* UICollectionView+.swift in Sources */ = {isa = PBXBuildFile; fileRef = A3EF118B29CFAB2E00494ACB /* UICollectionView+.swift */; };
		A3EF119329CFB33900494ACB /* UIElementCell.swift in Sources */ = {isa = PBXBuildFile; fileRef = A3EF119229CFB33900494ACB /* UIElementCell.swift */; };
		A3EF119629CFC5BD00494ACB /* UIElement.swift in Sources */ = {isa = PBXBuildFile; fileRef = A3EF119529CFC5BD00494ACB /* UIElement.swift */; };
		A3EF119929CFC8F500494ACB /* ButtonViewController.swift in Sources */ = {isa = PBXBuildFile; fileRef = A3EF119829CFC8F500494ACB /* ButtonViewController.swift */; };
/* End PBXBuildFile section */

/* Begin PBXContainerItemProxy section */
		A3EF114A29CF3D6700494ACB /* PBXContainerItemProxy */ = {
			isa = PBXContainerItemProxy;
			containerPortal = A3EF112829CF3D6500494ACB /* Project object */;
			proxyType = 1;
			remoteGlobalIDString = A3EF112F29CF3D6500494ACB;
			remoteInfo = "UIKit-Extension";
		};
		A3EF115429CF3D6700494ACB /* PBXContainerItemProxy */ = {
			isa = PBXContainerItemProxy;
			containerPortal = A3EF112829CF3D6500494ACB /* Project object */;
			proxyType = 1;
			remoteGlobalIDString = A3EF112F29CF3D6500494ACB;
			remoteInfo = "UIKit-Extension";
		};
		A3EF117729CF88FA00494ACB /* PBXContainerItemProxy */ = {
			isa = PBXContainerItemProxy;
			containerPortal = A3EF112829CF3D6500494ACB /* Project object */;
			proxyType = 1;
			remoteGlobalIDString = A3EF116B29CF88F900494ACB;
			remoteInfo = SwiftUIJo;
		};
		A3EF117929CF88FA00494ACB /* PBXContainerItemProxy */ = {
			isa = PBXContainerItemProxy;
			containerPortal = A3EF112829CF3D6500494ACB /* Project object */;
			proxyType = 1;
			remoteGlobalIDString = A3EF112F29CF3D6500494ACB;
			remoteInfo = "UIKit-Extension";
		};
		A3EF117F29CF88FA00494ACB /* PBXContainerItemProxy */ = {
			isa = PBXContainerItemProxy;
			containerPortal = A3EF112829CF3D6500494ACB /* Project object */;
			proxyType = 1;
			remoteGlobalIDString = A3EF116B29CF88F900494ACB;
			remoteInfo = SwiftUIJo;
		};
/* End PBXContainerItemProxy section */

/* Begin PBXCopyFilesBuildPhase section */
		A3EF118629CF88FA00494ACB /* Embed Frameworks */ = {
			isa = PBXCopyFilesBuildPhase;
			buildActionMask = 2147483647;
			dstPath = "";
			dstSubfolderSpec = 10;
			files = (
				A3EF118229CF88FA00494ACB /* SwiftUIJo.framework in Embed Frameworks */,
			);
			name = "Embed Frameworks";
			runOnlyForDeploymentPostprocessing = 0;
		};
/* End PBXCopyFilesBuildPhase section */

/* Begin PBXFileReference section */
		A3EF113029CF3D6500494ACB /* UIKit-Extension.app */ = {isa = PBXFileReference; explicitFileType = wrapper.application; includeInIndex = 0; path = "UIKit-Extension.app"; sourceTree = BUILT_PRODUCTS_DIR; };
		A3EF113329CF3D6500494ACB /* AppDelegate.swift */ = {isa = PBXFileReference; lastKnownFileType = sourcecode.swift; path = AppDelegate.swift; sourceTree = "<group>"; };
		A3EF113529CF3D6500494ACB /* SceneDelegate.swift */ = {isa = PBXFileReference; lastKnownFileType = sourcecode.swift; path = SceneDelegate.swift; sourceTree = "<group>"; };
		A3EF113729CF3D6500494ACB /* MainViewController.swift */ = {isa = PBXFileReference; lastKnownFileType = sourcecode.swift; path = MainViewController.swift; sourceTree = "<group>"; };
		A3EF113D29CF3D6500494ACB /* UIKit_Extension.xcdatamodel */ = {isa = PBXFileReference; lastKnownFileType = wrapper.xcdatamodel; path = UIKit_Extension.xcdatamodel; sourceTree = "<group>"; };
		A3EF113F29CF3D6700494ACB /* Assets.xcassets */ = {isa = PBXFileReference; lastKnownFileType = folder.assetcatalog; path = Assets.xcassets; sourceTree = "<group>"; };
		A3EF114229CF3D6700494ACB /* Base */ = {isa = PBXFileReference; lastKnownFileType = file.storyboard; name = Base; path = Base.lproj/LaunchScreen.storyboard; sourceTree = "<group>"; };
		A3EF114429CF3D6700494ACB /* Info.plist */ = {isa = PBXFileReference; lastKnownFileType = text.plist.xml; path = Info.plist; sourceTree = "<group>"; };
		A3EF114929CF3D6700494ACB /* UIKit-ExtensionTests.xctest */ = {isa = PBXFileReference; explicitFileType = wrapper.cfbundle; includeInIndex = 0; path = "UIKit-ExtensionTests.xctest"; sourceTree = BUILT_PRODUCTS_DIR; };
		A3EF114D29CF3D6700494ACB /* UIKit_ExtensionTests.swift */ = {isa = PBXFileReference; lastKnownFileType = sourcecode.swift; path = UIKit_ExtensionTests.swift; sourceTree = "<group>"; };
		A3EF115329CF3D6700494ACB /* UIKit-ExtensionUITests.xctest */ = {isa = PBXFileReference; explicitFileType = wrapper.cfbundle; includeInIndex = 0; path = "UIKit-ExtensionUITests.xctest"; sourceTree = BUILT_PRODUCTS_DIR; };
		A3EF115729CF3D6700494ACB /* UIKit_ExtensionUITests.swift */ = {isa = PBXFileReference; lastKnownFileType = sourcecode.swift; path = UIKit_ExtensionUITests.swift; sourceTree = "<group>"; };
		A3EF115929CF3D6700494ACB /* UIKit_ExtensionUITestsLaunchTests.swift */ = {isa = PBXFileReference; lastKnownFileType = sourcecode.swift; path = UIKit_ExtensionUITestsLaunchTests.swift; sourceTree = "<group>"; };
		A3EF116C29CF88F900494ACB /* SwiftUIJo.framework */ = {isa = PBXFileReference; explicitFileType = wrapper.framework; includeInIndex = 0; path = SwiftUIJo.framework; sourceTree = BUILT_PRODUCTS_DIR; };
		A3EF116E29CF88F900494ACB /* SwiftUIJo.h */ = {isa = PBXFileReference; lastKnownFileType = sourcecode.c.h; path = SwiftUIJo.h; sourceTree = "<group>"; };
		A3EF116F29CF88FA00494ACB /* SwiftUIJo.docc */ = {isa = PBXFileReference; lastKnownFileType = folder.documentationcatalog; path = SwiftUIJo.docc; sourceTree = "<group>"; };
		A3EF117529CF88FA00494ACB /* SwiftUIJoTests.xctest */ = {isa = PBXFileReference; explicitFileType = wrapper.cfbundle; includeInIndex = 0; path = SwiftUIJoTests.xctest; sourceTree = BUILT_PRODUCTS_DIR; };
		A3EF117C29CF88FA00494ACB /* SwiftUIJoTests.swift */ = {isa = PBXFileReference; lastKnownFileType = sourcecode.swift; path = SwiftUIJoTests.swift; sourceTree = "<group>"; };
		A3EF118B29CFAB2E00494ACB /* UICollectionView+.swift */ = {isa = PBXFileReference; lastKnownFileType = sourcecode.swift; path = "UICollectionView+.swift"; sourceTree = "<group>"; };
		A3EF119229CFB33900494ACB /* UIElementCell.swift */ = {isa = PBXFileReference; lastKnownFileType = sourcecode.swift; path = UIElementCell.swift; sourceTree = "<group>"; };
		A3EF119529CFC5BD00494ACB /* UIElement.swift */ = {isa = PBXFileReference; lastKnownFileType = sourcecode.swift; path = UIElement.swift; sourceTree = "<group>"; };
		A3EF119829CFC8F500494ACB /* ButtonViewController.swift */ = {isa = PBXFileReference; lastKnownFileType = sourcecode.swift; path = ButtonViewController.swift; sourceTree = "<group>"; };
/* End PBXFileReference section */

/* Begin PBXFrameworksBuildPhase section */
		A3EF112D29CF3D6500494ACB /* Frameworks */ = {
			isa = PBXFrameworksBuildPhase;
			buildActionMask = 2147483647;
			files = (
				A3EF118129CF88FA00494ACB /* SwiftUIJo.framework in Frameworks */,
			);
			runOnlyForDeploymentPostprocessing = 0;
		};
		A3EF114629CF3D6700494ACB /* Frameworks */ = {
			isa = PBXFrameworksBuildPhase;
			buildActionMask = 2147483647;
			files = (
			);
			runOnlyForDeploymentPostprocessing = 0;
		};
		A3EF115029CF3D6700494ACB /* Frameworks */ = {
			isa = PBXFrameworksBuildPhase;
			buildActionMask = 2147483647;
			files = (
			);
			runOnlyForDeploymentPostprocessing = 0;
		};
		A3EF116929CF88F900494ACB /* Frameworks */ = {
			isa = PBXFrameworksBuildPhase;
			buildActionMask = 2147483647;
			files = (
			);
			runOnlyForDeploymentPostprocessing = 0;
		};
		A3EF117229CF88FA00494ACB /* Frameworks */ = {
			isa = PBXFrameworksBuildPhase;
			buildActionMask = 2147483647;
			files = (
				A3EF117629CF88FA00494ACB /* SwiftUIJo.framework in Frameworks */,
			);
			runOnlyForDeploymentPostprocessing = 0;
		};
/* End PBXFrameworksBuildPhase section */

/* Begin PBXGroup section */
		A3EF112729CF3D6500494ACB = {
			isa = PBXGroup;
			children = (
				A3EF113229CF3D6500494ACB /* UIKit-Extension */,
				A3EF114C29CF3D6700494ACB /* UIKit-ExtensionTests */,
				A3EF115629CF3D6700494ACB /* UIKit-ExtensionUITests */,
				A3EF116D29CF88F900494ACB /* SwiftUIJo */,
				A3EF117B29CF88FA00494ACB /* SwiftUIJoTests */,
				A3EF113129CF3D6500494ACB /* Products */,
			);
			sourceTree = "<group>";
		};
		A3EF113129CF3D6500494ACB /* Products */ = {
			isa = PBXGroup;
			children = (
				A3EF113029CF3D6500494ACB /* UIKit-Extension.app */,
				A3EF114929CF3D6700494ACB /* UIKit-ExtensionTests.xctest */,
				A3EF115329CF3D6700494ACB /* UIKit-ExtensionUITests.xctest */,
				A3EF116C29CF88F900494ACB /* SwiftUIJo.framework */,
				A3EF117529CF88FA00494ACB /* SwiftUIJoTests.xctest */,
			);
			name = Products;
			sourceTree = "<group>";
		};
		A3EF113229CF3D6500494ACB /* UIKit-Extension */ = {
			isa = PBXGroup;
			children = (
				A3EF118D29CFAB5000494ACB /* Ressources */,
				A3EF118A29CFAAD700494ACB /* Extensions */,
				A3EF118F29CFAB9D00494ACB /* Coordinator */,
				A3EF118E29CFAB7600494ACB /* ViewControllers */,
				A3EF113F29CF3D6700494ACB /* Assets.xcassets */,
				A3EF114129CF3D6700494ACB /* LaunchScreen.storyboard */,
				A3EF114429CF3D6700494ACB /* Info.plist */,
				A3EF113C29CF3D6500494ACB /* UIKit_Extension.xcdatamodeld */,
			);
			path = "UIKit-Extension";
			sourceTree = "<group>";
		};
		A3EF114C29CF3D6700494ACB /* UIKit-ExtensionTests */ = {
			isa = PBXGroup;
			children = (
				A3EF114D29CF3D6700494ACB /* UIKit_ExtensionTests.swift */,
			);
			path = "UIKit-ExtensionTests";
			sourceTree = "<group>";
		};
		A3EF115629CF3D6700494ACB /* UIKit-ExtensionUITests */ = {
			isa = PBXGroup;
			children = (
				A3EF115729CF3D6700494ACB /* UIKit_ExtensionUITests.swift */,
				A3EF115929CF3D6700494ACB /* UIKit_ExtensionUITestsLaunchTests.swift */,
			);
			path = "UIKit-ExtensionUITests";
			sourceTree = "<group>";
		};
		A3EF116D29CF88F900494ACB /* SwiftUIJo */ = {
			isa = PBXGroup;
			children = (
				A3EF116E29CF88F900494ACB /* SwiftUIJo.h */,
				A3EF116F29CF88FA00494ACB /* SwiftUIJo.docc */,
			);
			path = SwiftUIJo;
			sourceTree = "<group>";
		};
		A3EF117B29CF88FA00494ACB /* SwiftUIJoTests */ = {
			isa = PBXGroup;
			children = (
				A3EF117C29CF88FA00494ACB /* SwiftUIJoTests.swift */,
			);
			path = SwiftUIJoTests;
			sourceTree = "<group>";
		};
		A3EF118A29CFAAD700494ACB /* Extensions */ = {
			isa = PBXGroup;
			children = (
				A3EF118B29CFAB2E00494ACB /* UICollectionView+.swift */,
			);
			path = Extensions;
			sourceTree = "<group>";
		};
		A3EF118D29CFAB5000494ACB /* Ressources */ = {
			isa = PBXGroup;
			children = (
				A3EF113329CF3D6500494ACB /* AppDelegate.swift */,
				A3EF113529CF3D6500494ACB /* SceneDelegate.swift */,
			);
			path = Ressources;
			sourceTree = "<group>";
		};
		A3EF118E29CFAB7600494ACB /* ViewControllers */ = {
			isa = PBXGroup;
			children = (
				A3EF119729CFC8EA00494ACB /* Buttons */,
				A3EF119029CFB31100494ACB /* Main */,
			);
			path = ViewControllers;
			sourceTree = "<group>";
		};
		A3EF118F29CFAB9D00494ACB /* Coordinator */ = {
			isa = PBXGroup;
			children = (
			);
			path = Coordinator;
			sourceTree = "<group>";
		};
		A3EF119029CFB31100494ACB /* Main */ = {
			isa = PBXGroup;
			children = (
				A3EF119429CFC5AF00494ACB /* Model */,
				A3EF119129CFB31700494ACB /* Views */,
				A3EF113729CF3D6500494ACB /* MainViewController.swift */,
			);
			path = Main;
			sourceTree = "<group>";
		};
		A3EF119129CFB31700494ACB /* Views */ = {
			isa = PBXGroup;
			children = (
				A3EF119229CFB33900494ACB /* UIElementCell.swift */,
			);
			path = Views;
			sourceTree = "<group>";
		};
		A3EF119429CFC5AF00494ACB /* Model */ = {
			isa = PBXGroup;
			children = (
				A3EF119529CFC5BD00494ACB /* UIElement.swift */,
			);
			path = Model;
			sourceTree = "<group>";
		};
		A3EF119729CFC8EA00494ACB /* Buttons */ = {
			isa = PBXGroup;
			children = (
				A3EF119829CFC8F500494ACB /* ButtonViewController.swift */,
			);
			path = Buttons;
			sourceTree = "<group>";
		};
/* End PBXGroup section */

/* Begin PBXHeadersBuildPhase section */
		A3EF116729CF88F900494ACB /* Headers */ = {
			isa = PBXHeadersBuildPhase;
			buildActionMask = 2147483647;
			files = (
				A3EF117E29CF88FA00494ACB /* SwiftUIJo.h in Headers */,
			);
			runOnlyForDeploymentPostprocessing = 0;
		};
/* End PBXHeadersBuildPhase section */

/* Begin PBXNativeTarget section */
		A3EF112F29CF3D6500494ACB /* UIKit-Extension */ = {
			isa = PBXNativeTarget;
			buildConfigurationList = A3EF115D29CF3D6700494ACB /* Build configuration list for PBXNativeTarget "UIKit-Extension" */;
			buildPhases = (
				A3EF112C29CF3D6500494ACB /* Sources */,
				A3EF112D29CF3D6500494ACB /* Frameworks */,
				A3EF112E29CF3D6500494ACB /* Resources */,
				A3EF118629CF88FA00494ACB /* Embed Frameworks */,
			);
			buildRules = (
			);
			dependencies = (
				A3EF118029CF88FA00494ACB /* PBXTargetDependency */,
			);
			name = "UIKit-Extension";
			productName = "UIKit-Extension";
			productReference = A3EF113029CF3D6500494ACB /* UIKit-Extension.app */;
			productType = "com.apple.product-type.application";
		};
		A3EF114829CF3D6700494ACB /* UIKit-ExtensionTests */ = {
			isa = PBXNativeTarget;
			buildConfigurationList = A3EF116029CF3D6700494ACB /* Build configuration list for PBXNativeTarget "UIKit-ExtensionTests" */;
			buildPhases = (
				A3EF114529CF3D6700494ACB /* Sources */,
				A3EF114629CF3D6700494ACB /* Frameworks */,
				A3EF114729CF3D6700494ACB /* Resources */,
			);
			buildRules = (
			);
			dependencies = (
				A3EF114B29CF3D6700494ACB /* PBXTargetDependency */,
			);
			name = "UIKit-ExtensionTests";
			productName = "UIKit-ExtensionTests";
			productReference = A3EF114929CF3D6700494ACB /* UIKit-ExtensionTests.xctest */;
			productType = "com.apple.product-type.bundle.unit-test";
		};
		A3EF115229CF3D6700494ACB /* UIKit-ExtensionUITests */ = {
			isa = PBXNativeTarget;
			buildConfigurationList = A3EF116329CF3D6700494ACB /* Build configuration list for PBXNativeTarget "UIKit-ExtensionUITests" */;
			buildPhases = (
				A3EF114F29CF3D6700494ACB /* Sources */,
				A3EF115029CF3D6700494ACB /* Frameworks */,
				A3EF115129CF3D6700494ACB /* Resources */,
			);
			buildRules = (
			);
			dependencies = (
				A3EF115529CF3D6700494ACB /* PBXTargetDependency */,
			);
			name = "UIKit-ExtensionUITests";
			productName = "UIKit-ExtensionUITests";
			productReference = A3EF115329CF3D6700494ACB /* UIKit-ExtensionUITests.xctest */;
			productType = "com.apple.product-type.bundle.ui-testing";
		};
		A3EF116B29CF88F900494ACB /* SwiftUIJo */ = {
			isa = PBXNativeTarget;
			buildConfigurationList = A3EF118329CF88FA00494ACB /* Build configuration list for PBXNativeTarget "SwiftUIJo" */;
			buildPhases = (
				A3EF116729CF88F900494ACB /* Headers */,
				A3EF116829CF88F900494ACB /* Sources */,
				A3EF116929CF88F900494ACB /* Frameworks */,
				A3EF116A29CF88F900494ACB /* Resources */,
			);
			buildRules = (
			);
			dependencies = (
			);
			name = SwiftUIJo;
			productName = SwiftUIJo;
			productReference = A3EF116C29CF88F900494ACB /* SwiftUIJo.framework */;
			productType = "com.apple.product-type.framework";
		};
		A3EF117429CF88FA00494ACB /* SwiftUIJoTests */ = {
			isa = PBXNativeTarget;
			buildConfigurationList = A3EF118729CF88FA00494ACB /* Build configuration list for PBXNativeTarget "SwiftUIJoTests" */;
			buildPhases = (
				A3EF117129CF88FA00494ACB /* Sources */,
				A3EF117229CF88FA00494ACB /* Frameworks */,
				A3EF117329CF88FA00494ACB /* Resources */,
			);
			buildRules = (
			);
			dependencies = (
				A3EF117829CF88FA00494ACB /* PBXTargetDependency */,
				A3EF117A29CF88FA00494ACB /* PBXTargetDependency */,
			);
			name = SwiftUIJoTests;
			productName = SwiftUIJoTests;
			productReference = A3EF117529CF88FA00494ACB /* SwiftUIJoTests.xctest */;
			productType = "com.apple.product-type.bundle.unit-test";
		};
/* End PBXNativeTarget section */

/* Begin PBXProject section */
		A3EF112829CF3D6500494ACB /* Project object */ = {
			isa = PBXProject;
			attributes = {
				BuildIndependentTargetsInParallel = 1;
				LastSwiftUpdateCheck = 1420;
				LastUpgradeCheck = 1420;
				TargetAttributes = {
					A3EF112F29CF3D6500494ACB = {
						CreatedOnToolsVersion = 14.2;
					};
					A3EF114829CF3D6700494ACB = {
						CreatedOnToolsVersion = 14.2;
						TestTargetID = A3EF112F29CF3D6500494ACB;
					};
					A3EF115229CF3D6700494ACB = {
						CreatedOnToolsVersion = 14.2;
						TestTargetID = A3EF112F29CF3D6500494ACB;
					};
					A3EF116B29CF88F900494ACB = {
						CreatedOnToolsVersion = 14.2;
					};
					A3EF117429CF88FA00494ACB = {
						CreatedOnToolsVersion = 14.2;
						TestTargetID = A3EF112F29CF3D6500494ACB;
					};
				};
			};
			buildConfigurationList = A3EF112B29CF3D6500494ACB /* Build configuration list for PBXProject "UIKit-Extension" */;
			compatibilityVersion = "Xcode 14.0";
			developmentRegion = en;
			hasScannedForEncodings = 0;
			knownRegions = (
				en,
				Base,
			);
			mainGroup = A3EF112729CF3D6500494ACB;
			productRefGroup = A3EF113129CF3D6500494ACB /* Products */;
			projectDirPath = "";
			projectRoot = "";
			targets = (
				A3EF112F29CF3D6500494ACB /* UIKit-Extension */,
				A3EF114829CF3D6700494ACB /* UIKit-ExtensionTests */,
				A3EF115229CF3D6700494ACB /* UIKit-ExtensionUITests */,
				A3EF116B29CF88F900494ACB /* SwiftUIJo */,
				A3EF117429CF88FA00494ACB /* SwiftUIJoTests */,
			);
		};
/* End PBXProject section */

/* Begin PBXResourcesBuildPhase section */
		A3EF112E29CF3D6500494ACB /* Resources */ = {
			isa = PBXResourcesBuildPhase;
			buildActionMask = 2147483647;
			files = (
				A3EF114329CF3D6700494ACB /* LaunchScreen.storyboard in Resources */,
				A3EF114029CF3D6700494ACB /* Assets.xcassets in Resources */,
			);
			runOnlyForDeploymentPostprocessing = 0;
		};
		A3EF114729CF3D6700494ACB /* Resources */ = {
			isa = PBXResourcesBuildPhase;
			buildActionMask = 2147483647;
			files = (
			);
			runOnlyForDeploymentPostprocessing = 0;
		};
		A3EF115129CF3D6700494ACB /* Resources */ = {
			isa = PBXResourcesBuildPhase;
			buildActionMask = 2147483647;
			files = (
			);
			runOnlyForDeploymentPostprocessing = 0;
		};
		A3EF116A29CF88F900494ACB /* Resources */ = {
			isa = PBXResourcesBuildPhase;
			buildActionMask = 2147483647;
			files = (
			);
			runOnlyForDeploymentPostprocessing = 0;
		};
		A3EF117329CF88FA00494ACB /* Resources */ = {
			isa = PBXResourcesBuildPhase;
			buildActionMask = 2147483647;
			files = (
			);
			runOnlyForDeploymentPostprocessing = 0;
		};
/* End PBXResourcesBuildPhase section */

/* Begin PBXSourcesBuildPhase section */
		A3EF112C29CF3D6500494ACB /* Sources */ = {
			isa = PBXSourcesBuildPhase;
			buildActionMask = 2147483647;
			files = (
				A3EF118C29CFAB2E00494ACB /* UICollectionView+.swift in Sources */,
				A3EF119629CFC5BD00494ACB /* UIElement.swift in Sources */,
				A3EF113829CF3D6500494ACB /* MainViewController.swift in Sources */,
				A3EF113429CF3D6500494ACB /* AppDelegate.swift in Sources */,
				A3EF113E29CF3D6500494ACB /* UIKit_Extension.xcdatamodeld in Sources */,
				A3EF119929CFC8F500494ACB /* ButtonViewController.swift in Sources */,
				A3EF119329CFB33900494ACB /* UIElementCell.swift in Sources */,
				A3EF113629CF3D6500494ACB /* SceneDelegate.swift in Sources */,
			);
			runOnlyForDeploymentPostprocessing = 0;
		};
		A3EF114529CF3D6700494ACB /* Sources */ = {
			isa = PBXSourcesBuildPhase;
			buildActionMask = 2147483647;
			files = (
				A3EF114E29CF3D6700494ACB /* UIKit_ExtensionTests.swift in Sources */,
			);
			runOnlyForDeploymentPostprocessing = 0;
		};
		A3EF114F29CF3D6700494ACB /* Sources */ = {
			isa = PBXSourcesBuildPhase;
			buildActionMask = 2147483647;
			files = (
				A3EF115829CF3D6700494ACB /* UIKit_ExtensionUITests.swift in Sources */,
				A3EF115A29CF3D6700494ACB /* UIKit_ExtensionUITestsLaunchTests.swift in Sources */,
			);
			runOnlyForDeploymentPostprocessing = 0;
		};
		A3EF116829CF88F900494ACB /* Sources */ = {
			isa = PBXSourcesBuildPhase;
			buildActionMask = 2147483647;
			files = (
				A3EF117029CF88FA00494ACB /* SwiftUIJo.docc in Sources */,
			);
			runOnlyForDeploymentPostprocessing = 0;
		};
		A3EF117129CF88FA00494ACB /* Sources */ = {
			isa = PBXSourcesBuildPhase;
			buildActionMask = 2147483647;
			files = (
				A3EF117D29CF88FA00494ACB /* SwiftUIJoTests.swift in Sources */,
			);
			runOnlyForDeploymentPostprocessing = 0;
		};
/* End PBXSourcesBuildPhase section */

/* Begin PBXTargetDependency section */
		A3EF114B29CF3D6700494ACB /* PBXTargetDependency */ = {
			isa = PBXTargetDependency;
			target = A3EF112F29CF3D6500494ACB /* UIKit-Extension */;
			targetProxy = A3EF114A29CF3D6700494ACB /* PBXContainerItemProxy */;
		};
		A3EF115529CF3D6700494ACB /* PBXTargetDependency */ = {
			isa = PBXTargetDependency;
			target = A3EF112F29CF3D6500494ACB /* UIKit-Extension */;
			targetProxy = A3EF115429CF3D6700494ACB /* PBXContainerItemProxy */;
		};
		A3EF117829CF88FA00494ACB /* PBXTargetDependency */ = {
			isa = PBXTargetDependency;
			target = A3EF116B29CF88F900494ACB /* SwiftUIJo */;
			targetProxy = A3EF117729CF88FA00494ACB /* PBXContainerItemProxy */;
		};
		A3EF117A29CF88FA00494ACB /* PBXTargetDependency */ = {
			isa = PBXTargetDependency;
			target = A3EF112F29CF3D6500494ACB /* UIKit-Extension */;
			targetProxy = A3EF117929CF88FA00494ACB /* PBXContainerItemProxy */;
		};
		A3EF118029CF88FA00494ACB /* PBXTargetDependency */ = {
			isa = PBXTargetDependency;
			target = A3EF116B29CF88F900494ACB /* SwiftUIJo */;
			targetProxy = A3EF117F29CF88FA00494ACB /* PBXContainerItemProxy */;
		};
/* End PBXTargetDependency section */

/* Begin PBXVariantGroup section */
		A3EF114129CF3D6700494ACB /* LaunchScreen.storyboard */ = {
			isa = PBXVariantGroup;
			children = (
				A3EF114229CF3D6700494ACB /* Base */,
			);
			name = LaunchScreen.storyboard;
			sourceTree = "<group>";
		};
/* End PBXVariantGroup section */

/* Begin XCBuildConfiguration section */
		A3EF115B29CF3D6700494ACB /* Debug */ = {
			isa = XCBuildConfiguration;
			buildSettings = {
				ALWAYS_SEARCH_USER_PATHS = NO;
				CLANG_ANALYZER_NONNULL = YES;
				CLANG_ANALYZER_NUMBER_OBJECT_CONVERSION = YES_AGGRESSIVE;
				CLANG_CXX_LANGUAGE_STANDARD = "gnu++20";
				CLANG_ENABLE_MODULES = YES;
				CLANG_ENABLE_OBJC_ARC = YES;
				CLANG_ENABLE_OBJC_WEAK = YES;
				CLANG_WARN_BLOCK_CAPTURE_AUTORELEASING = YES;
				CLANG_WARN_BOOL_CONVERSION = YES;
				CLANG_WARN_COMMA = YES;
				CLANG_WARN_CONSTANT_CONVERSION = YES;
				CLANG_WARN_DEPRECATED_OBJC_IMPLEMENTATIONS = YES;
				CLANG_WARN_DIRECT_OBJC_ISA_USAGE = YES_ERROR;
				CLANG_WARN_DOCUMENTATION_COMMENTS = YES;
				CLANG_WARN_EMPTY_BODY = YES;
				CLANG_WARN_ENUM_CONVERSION = YES;
				CLANG_WARN_INFINITE_RECURSION = YES;
				CLANG_WARN_INT_CONVERSION = YES;
				CLANG_WARN_NON_LITERAL_NULL_CONVERSION = YES;
				CLANG_WARN_OBJC_IMPLICIT_RETAIN_SELF = YES;
				CLANG_WARN_OBJC_LITERAL_CONVERSION = YES;
				CLANG_WARN_OBJC_ROOT_CLASS = YES_ERROR;
				CLANG_WARN_QUOTED_INCLUDE_IN_FRAMEWORK_HEADER = YES;
				CLANG_WARN_RANGE_LOOP_ANALYSIS = YES;
				CLANG_WARN_STRICT_PROTOTYPES = YES;
				CLANG_WARN_SUSPICIOUS_MOVE = YES;
				CLANG_WARN_UNGUARDED_AVAILABILITY = YES_AGGRESSIVE;
				CLANG_WARN_UNREACHABLE_CODE = YES;
				CLANG_WARN__DUPLICATE_METHOD_MATCH = YES;
				COPY_PHASE_STRIP = NO;
				DEBUG_INFORMATION_FORMAT = dwarf;
				ENABLE_STRICT_OBJC_MSGSEND = YES;
				ENABLE_TESTABILITY = YES;
				GCC_C_LANGUAGE_STANDARD = gnu11;
				GCC_DYNAMIC_NO_PIC = NO;
				GCC_NO_COMMON_BLOCKS = YES;
				GCC_OPTIMIZATION_LEVEL = 0;
				GCC_PREPROCESSOR_DEFINITIONS = (
					"DEBUG=1",
					"$(inherited)",
				);
				GCC_WARN_64_TO_32_BIT_CONVERSION = YES;
				GCC_WARN_ABOUT_RETURN_TYPE = YES_ERROR;
				GCC_WARN_UNDECLARED_SELECTOR = YES;
				GCC_WARN_UNINITIALIZED_AUTOS = YES_AGGRESSIVE;
				GCC_WARN_UNUSED_FUNCTION = YES;
				GCC_WARN_UNUSED_VARIABLE = YES;
				IPHONEOS_DEPLOYMENT_TARGET = 16.2;
				MTL_ENABLE_DEBUG_INFO = INCLUDE_SOURCE;
				MTL_FAST_MATH = YES;
				ONLY_ACTIVE_ARCH = YES;
				SDKROOT = iphoneos;
				SWIFT_ACTIVE_COMPILATION_CONDITIONS = DEBUG;
				SWIFT_OPTIMIZATION_LEVEL = "-Onone";
			};
			name = Debug;
		};
		A3EF115C29CF3D6700494ACB /* Release */ = {
			isa = XCBuildConfiguration;
			buildSettings = {
				ALWAYS_SEARCH_USER_PATHS = NO;
				CLANG_ANALYZER_NONNULL = YES;
				CLANG_ANALYZER_NUMBER_OBJECT_CONVERSION = YES_AGGRESSIVE;
				CLANG_CXX_LANGUAGE_STANDARD = "gnu++20";
				CLANG_ENABLE_MODULES = YES;
				CLANG_ENABLE_OBJC_ARC = YES;
				CLANG_ENABLE_OBJC_WEAK = YES;
				CLANG_WARN_BLOCK_CAPTURE_AUTORELEASING = YES;
				CLANG_WARN_BOOL_CONVERSION = YES;
				CLANG_WARN_COMMA = YES;
				CLANG_WARN_CONSTANT_CONVERSION = YES;
				CLANG_WARN_DEPRECATED_OBJC_IMPLEMENTATIONS = YES;
				CLANG_WARN_DIRECT_OBJC_ISA_USAGE = YES_ERROR;
				CLANG_WARN_DOCUMENTATION_COMMENTS = YES;
				CLANG_WARN_EMPTY_BODY = YES;
				CLANG_WARN_ENUM_CONVERSION = YES;
				CLANG_WARN_INFINITE_RECURSION = YES;
				CLANG_WARN_INT_CONVERSION = YES;
				CLANG_WARN_NON_LITERAL_NULL_CONVERSION = YES;
				CLANG_WARN_OBJC_IMPLICIT_RETAIN_SELF = YES;
				CLANG_WARN_OBJC_LITERAL_CONVERSION = YES;
				CLANG_WARN_OBJC_ROOT_CLASS = YES_ERROR;
				CLANG_WARN_QUOTED_INCLUDE_IN_FRAMEWORK_HEADER = YES;
				CLANG_WARN_RANGE_LOOP_ANALYSIS = YES;
				CLANG_WARN_STRICT_PROTOTYPES = YES;
				CLANG_WARN_SUSPICIOUS_MOVE = YES;
				CLANG_WARN_UNGUARDED_AVAILABILITY = YES_AGGRESSIVE;
				CLANG_WARN_UNREACHABLE_CODE = YES;
				CLANG_WARN__DUPLICATE_METHOD_MATCH = YES;
				COPY_PHASE_STRIP = NO;
				DEBUG_INFORMATION_FORMAT = "dwarf-with-dsym";
				ENABLE_NS_ASSERTIONS = NO;
				ENABLE_STRICT_OBJC_MSGSEND = YES;
				GCC_C_LANGUAGE_STANDARD = gnu11;
				GCC_NO_COMMON_BLOCKS = YES;
				GCC_WARN_64_TO_32_BIT_CONVERSION = YES;
				GCC_WARN_ABOUT_RETURN_TYPE = YES_ERROR;
				GCC_WARN_UNDECLARED_SELECTOR = YES;
				GCC_WARN_UNINITIALIZED_AUTOS = YES_AGGRESSIVE;
				GCC_WARN_UNUSED_FUNCTION = YES;
				GCC_WARN_UNUSED_VARIABLE = YES;
				IPHONEOS_DEPLOYMENT_TARGET = 16.2;
				MTL_ENABLE_DEBUG_INFO = NO;
				MTL_FAST_MATH = YES;
				SDKROOT = iphoneos;
				SWIFT_COMPILATION_MODE = wholemodule;
				SWIFT_OPTIMIZATION_LEVEL = "-O";
				VALIDATE_PRODUCT = YES;
			};
			name = Release;
		};
		A3EF115E29CF3D6700494ACB /* Debug */ = {
			isa = XCBuildConfiguration;
			buildSettings = {
				ASSETCATALOG_COMPILER_APPICON_NAME = AppIcon;
				ASSETCATALOG_COMPILER_GLOBAL_ACCENT_COLOR_NAME = AccentColor;
				CODE_SIGN_STYLE = Automatic;
				CURRENT_PROJECT_VERSION = 1;
				DEVELOPMENT_TEAM = X7FBND7W68;
				GENERATE_INFOPLIST_FILE = YES;
				INFOPLIST_FILE = "UIKit-Extension/Info.plist";
				INFOPLIST_KEY_UIApplicationSupportsIndirectInputEvents = YES;
				INFOPLIST_KEY_UILaunchStoryboardName = LaunchScreen;
				INFOPLIST_KEY_UISupportedInterfaceOrientations_iPad = "UIInterfaceOrientationPortrait UIInterfaceOrientationPortraitUpsideDown UIInterfaceOrientationLandscapeLeft UIInterfaceOrientationLandscapeRight";
				INFOPLIST_KEY_UISupportedInterfaceOrientations_iPhone = "UIInterfaceOrientationPortrait UIInterfaceOrientationLandscapeLeft UIInterfaceOrientationLandscapeRight";
				LD_RUNPATH_SEARCH_PATHS = (
					"$(inherited)",
					"@executable_path/Frameworks",
				);
				MARKETING_VERSION = 1.0;
				PRODUCT_BUNDLE_IDENTIFIER = "com.Joseph.UIKit-Extension";
				PRODUCT_NAME = "$(TARGET_NAME)";
				SWIFT_EMIT_LOC_STRINGS = YES;
				SWIFT_VERSION = 5.0;
				TARGETED_DEVICE_FAMILY = "1,2";
			};
			name = Debug;
		};
		A3EF115F29CF3D6700494ACB /* Release */ = {
			isa = XCBuildConfiguration;
			buildSettings = {
				ASSETCATALOG_COMPILER_APPICON_NAME = AppIcon;
				ASSETCATALOG_COMPILER_GLOBAL_ACCENT_COLOR_NAME = AccentColor;
				CODE_SIGN_STYLE = Automatic;
				CURRENT_PROJECT_VERSION = 1;
				DEVELOPMENT_TEAM = X7FBND7W68;
				GENERATE_INFOPLIST_FILE = YES;
				INFOPLIST_FILE = "UIKit-Extension/Info.plist";
				INFOPLIST_KEY_UIApplicationSupportsIndirectInputEvents = YES;
				INFOPLIST_KEY_UILaunchStoryboardName = LaunchScreen;
				INFOPLIST_KEY_UISupportedInterfaceOrientations_iPad = "UIInterfaceOrientationPortrait UIInterfaceOrientationPortraitUpsideDown UIInterfaceOrientationLandscapeLeft UIInterfaceOrientationLandscapeRight";
				INFOPLIST_KEY_UISupportedInterfaceOrientations_iPhone = "UIInterfaceOrientationPortrait UIInterfaceOrientationLandscapeLeft UIInterfaceOrientationLandscapeRight";
				LD_RUNPATH_SEARCH_PATHS = (
					"$(inherited)",
					"@executable_path/Frameworks",
				);
				MARKETING_VERSION = 1.0;
				PRODUCT_BUNDLE_IDENTIFIER = "com.Joseph.UIKit-Extension";
				PRODUCT_NAME = "$(TARGET_NAME)";
				SWIFT_EMIT_LOC_STRINGS = YES;
				SWIFT_VERSION = 5.0;
				TARGETED_DEVICE_FAMILY = "1,2";
			};
			name = Release;
		};
		A3EF116129CF3D6700494ACB /* Debug */ = {
			isa = XCBuildConfiguration;
			buildSettings = {
				ALWAYS_EMBED_SWIFT_STANDARD_LIBRARIES = YES;
				BUNDLE_LOADER = "$(TEST_HOST)";
				CODE_SIGN_STYLE = Automatic;
				CURRENT_PROJECT_VERSION = 1;
				DEVELOPMENT_TEAM = X7FBND7W68;
				GENERATE_INFOPLIST_FILE = YES;
				IPHONEOS_DEPLOYMENT_TARGET = 16.2;
				MARKETING_VERSION = 1.0;
				PRODUCT_BUNDLE_IDENTIFIER = "com.Joseph.UIKit-ExtensionTests";
				PRODUCT_NAME = "$(TARGET_NAME)";
				SWIFT_EMIT_LOC_STRINGS = NO;
				SWIFT_VERSION = 5.0;
				TARGETED_DEVICE_FAMILY = "1,2";
				TEST_HOST = "$(BUILT_PRODUCTS_DIR)/UIKit-Extension.app/$(BUNDLE_EXECUTABLE_FOLDER_PATH)/UIKit-Extension";
			};
			name = Debug;
		};
		A3EF116229CF3D6700494ACB /* Release */ = {
			isa = XCBuildConfiguration;
			buildSettings = {
				ALWAYS_EMBED_SWIFT_STANDARD_LIBRARIES = YES;
				BUNDLE_LOADER = "$(TEST_HOST)";
				CODE_SIGN_STYLE = Automatic;
				CURRENT_PROJECT_VERSION = 1;
				DEVELOPMENT_TEAM = X7FBND7W68;
				GENERATE_INFOPLIST_FILE = YES;
				IPHONEOS_DEPLOYMENT_TARGET = 16.2;
				MARKETING_VERSION = 1.0;
				PRODUCT_BUNDLE_IDENTIFIER = "com.Joseph.UIKit-ExtensionTests";
				PRODUCT_NAME = "$(TARGET_NAME)";
				SWIFT_EMIT_LOC_STRINGS = NO;
				SWIFT_VERSION = 5.0;
				TARGETED_DEVICE_FAMILY = "1,2";
				TEST_HOST = "$(BUILT_PRODUCTS_DIR)/UIKit-Extension.app/$(BUNDLE_EXECUTABLE_FOLDER_PATH)/UIKit-Extension";
			};
			name = Release;
		};
		A3EF116429CF3D6700494ACB /* Debug */ = {
			isa = XCBuildConfiguration;
			buildSettings = {
				ALWAYS_EMBED_SWIFT_STANDARD_LIBRARIES = YES;
				CODE_SIGN_STYLE = Automatic;
				CURRENT_PROJECT_VERSION = 1;
				DEVELOPMENT_TEAM = X7FBND7W68;
				GENERATE_INFOPLIST_FILE = YES;
				MARKETING_VERSION = 1.0;
				PRODUCT_BUNDLE_IDENTIFIER = "com.Joseph.UIKit-ExtensionUITests";
				PRODUCT_NAME = "$(TARGET_NAME)";
				SWIFT_EMIT_LOC_STRINGS = NO;
				SWIFT_VERSION = 5.0;
				TARGETED_DEVICE_FAMILY = "1,2";
				TEST_TARGET_NAME = "UIKit-Extension";
			};
			name = Debug;
		};
		A3EF116529CF3D6700494ACB /* Release */ = {
			isa = XCBuildConfiguration;
			buildSettings = {
				ALWAYS_EMBED_SWIFT_STANDARD_LIBRARIES = YES;
				CODE_SIGN_STYLE = Automatic;
				CURRENT_PROJECT_VERSION = 1;
				DEVELOPMENT_TEAM = X7FBND7W68;
				GENERATE_INFOPLIST_FILE = YES;
				MARKETING_VERSION = 1.0;
				PRODUCT_BUNDLE_IDENTIFIER = "com.Joseph.UIKit-ExtensionUITests";
				PRODUCT_NAME = "$(TARGET_NAME)";
				SWIFT_EMIT_LOC_STRINGS = NO;
				SWIFT_VERSION = 5.0;
				TARGETED_DEVICE_FAMILY = "1,2";
				TEST_TARGET_NAME = "UIKit-Extension";
			};
			name = Release;
		};
		A3EF118429CF88FA00494ACB /* Debug */ = {
			isa = XCBuildConfiguration;
			buildSettings = {
				CODE_SIGN_STYLE = Automatic;
				CURRENT_PROJECT_VERSION = 1;
				DEFINES_MODULE = YES;
				DEVELOPMENT_TEAM = X7FBND7W68;
				DYLIB_COMPATIBILITY_VERSION = 1;
				DYLIB_CURRENT_VERSION = 1;
				DYLIB_INSTALL_NAME_BASE = "@rpath";
				GENERATE_INFOPLIST_FILE = YES;
				INFOPLIST_KEY_NSHumanReadableCopyright = "";
				INSTALL_PATH = "$(LOCAL_LIBRARY_DIR)/Frameworks";
				LD_RUNPATH_SEARCH_PATHS = (
					"$(inherited)",
					"@executable_path/Frameworks",
					"@loader_path/Frameworks",
				);
				MARKETING_VERSION = 1.0;
				PRODUCT_BUNDLE_IDENTIFIER = com.Joseph.SwiftUIJo;
				PRODUCT_NAME = "$(TARGET_NAME:c99extidentifier)";
				SKIP_INSTALL = YES;
				SWIFT_EMIT_LOC_STRINGS = YES;
				SWIFT_VERSION = 5.0;
				TARGETED_DEVICE_FAMILY = "1,2";
				VERSIONING_SYSTEM = "apple-generic";
				VERSION_INFO_PREFIX = "";
			};
			name = Debug;
		};
		A3EF118529CF88FA00494ACB /* Release */ = {
			isa = XCBuildConfiguration;
			buildSettings = {
				CODE_SIGN_STYLE = Automatic;
				CURRENT_PROJECT_VERSION = 1;
				DEFINES_MODULE = YES;
				DEVELOPMENT_TEAM = X7FBND7W68;
				DYLIB_COMPATIBILITY_VERSION = 1;
				DYLIB_CURRENT_VERSION = 1;
				DYLIB_INSTALL_NAME_BASE = "@rpath";
				GENERATE_INFOPLIST_FILE = YES;
				INFOPLIST_KEY_NSHumanReadableCopyright = "";
				INSTALL_PATH = "$(LOCAL_LIBRARY_DIR)/Frameworks";
				LD_RUNPATH_SEARCH_PATHS = (
					"$(inherited)",
					"@executable_path/Frameworks",
					"@loader_path/Frameworks",
				);
				MARKETING_VERSION = 1.0;
				PRODUCT_BUNDLE_IDENTIFIER = com.Joseph.SwiftUIJo;
				PRODUCT_NAME = "$(TARGET_NAME:c99extidentifier)";
				SKIP_INSTALL = YES;
				SWIFT_EMIT_LOC_STRINGS = YES;
				SWIFT_VERSION = 5.0;
				TARGETED_DEVICE_FAMILY = "1,2";
				VERSIONING_SYSTEM = "apple-generic";
				VERSION_INFO_PREFIX = "";
			};
			name = Release;
		};
		A3EF118829CF88FA00494ACB /* Debug */ = {
			isa = XCBuildConfiguration;
			buildSettings = {
				ALWAYS_EMBED_SWIFT_STANDARD_LIBRARIES = YES;
				CODE_SIGN_STYLE = Automatic;
				CURRENT_PROJECT_VERSION = 1;
				DEVELOPMENT_TEAM = X7FBND7W68;
				GENERATE_INFOPLIST_FILE = YES;
				MARKETING_VERSION = 1.0;
				PRODUCT_BUNDLE_IDENTIFIER = com.Joseph.SwiftUIJoTests;
				PRODUCT_NAME = "$(TARGET_NAME)";
				SWIFT_EMIT_LOC_STRINGS = NO;
				SWIFT_VERSION = 5.0;
				TARGETED_DEVICE_FAMILY = "1,2";
				TEST_HOST = "$(BUILT_PRODUCTS_DIR)/UIKit-Extension.app/$(BUNDLE_EXECUTABLE_FOLDER_PATH)/UIKit-Extension";
			};
			name = Debug;
		};
		A3EF118929CF88FA00494ACB /* Release */ = {
			isa = XCBuildConfiguration;
			buildSettings = {
				ALWAYS_EMBED_SWIFT_STANDARD_LIBRARIES = YES;
				CODE_SIGN_STYLE = Automatic;
				CURRENT_PROJECT_VERSION = 1;
				DEVELOPMENT_TEAM = X7FBND7W68;
				GENERATE_INFOPLIST_FILE = YES;
				MARKETING_VERSION = 1.0;
				PRODUCT_BUNDLE_IDENTIFIER = com.Joseph.SwiftUIJoTests;
				PRODUCT_NAME = "$(TARGET_NAME)";
				SWIFT_EMIT_LOC_STRINGS = NO;
				SWIFT_VERSION = 5.0;
				TARGETED_DEVICE_FAMILY = "1,2";
				TEST_HOST = "$(BUILT_PRODUCTS_DIR)/UIKit-Extension.app/$(BUNDLE_EXECUTABLE_FOLDER_PATH)/UIKit-Extension";
			};
			name = Release;
		};
/* End XCBuildConfiguration section */

/* Begin XCConfigurationList section */
		A3EF112B29CF3D6500494ACB /* Build configuration list for PBXProject "UIKit-Extension" */ = {
			isa = XCConfigurationList;
			buildConfigurations = (
				A3EF115B29CF3D6700494ACB /* Debug */,
				A3EF115C29CF3D6700494ACB /* Release */,
			);
			defaultConfigurationIsVisible = 0;
			defaultConfigurationName = Release;
		};
		A3EF115D29CF3D6700494ACB /* Build configuration list for PBXNativeTarget "UIKit-Extension" */ = {
			isa = XCConfigurationList;
			buildConfigurations = (
				A3EF115E29CF3D6700494ACB /* Debug */,
				A3EF115F29CF3D6700494ACB /* Release */,
			);
			defaultConfigurationIsVisible = 0;
			defaultConfigurationName = Release;
		};
		A3EF116029CF3D6700494ACB /* Build configuration list for PBXNativeTarget "UIKit-ExtensionTests" */ = {
			isa = XCConfigurationList;
			buildConfigurations = (
				A3EF116129CF3D6700494ACB /* Debug */,
				A3EF116229CF3D6700494ACB /* Release */,
			);
			defaultConfigurationIsVisible = 0;
			defaultConfigurationName = Release;
		};
		A3EF116329CF3D6700494ACB /* Build configuration list for PBXNativeTarget "UIKit-ExtensionUITests" */ = {
			isa = XCConfigurationList;
			buildConfigurations = (
				A3EF116429CF3D6700494ACB /* Debug */,
				A3EF116529CF3D6700494ACB /* Release */,
			);
			defaultConfigurationIsVisible = 0;
			defaultConfigurationName = Release;
		};
		A3EF118329CF88FA00494ACB /* Build configuration list for PBXNativeTarget "SwiftUIJo" */ = {
			isa = XCConfigurationList;
			buildConfigurations = (
				A3EF118429CF88FA00494ACB /* Debug */,
				A3EF118529CF88FA00494ACB /* Release */,
			);
			defaultConfigurationIsVisible = 0;
			defaultConfigurationName = Release;
		};
		A3EF118729CF88FA00494ACB /* Build configuration list for PBXNativeTarget "SwiftUIJoTests" */ = {
			isa = XCConfigurationList;
			buildConfigurations = (
				A3EF118829CF88FA00494ACB /* Debug */,
				A3EF118929CF88FA00494ACB /* Release */,
			);
			defaultConfigurationIsVisible = 0;
			defaultConfigurationName = Release;
		};
/* End XCConfigurationList section */

/* Begin XCVersionGroup section */
		A3EF113C29CF3D6500494ACB /* UIKit_Extension.xcdatamodeld */ = {
			isa = XCVersionGroup;
			children = (
				A3EF113D29CF3D6500494ACB /* UIKit_Extension.xcdatamodel */,
			);
			currentVersion = A3EF113D29CF3D6500494ACB /* UIKit_Extension.xcdatamodel */;
			path = UIKit_Extension.xcdatamodeld;
			sourceTree = "<group>";
			versionGroupType = wrapper.xcdatamodel;
		};
/* End XCVersionGroup section */
	};
	rootObject = A3EF112829CF3D6500494ACB /* Project object */;
}
